// !$*UTF8*$!
{
	archiveVersion = 1;
	classes = {
	};
	objectVersion = 56;
	objects = {

/* Begin PBXBuildFile section */
		CEA7E28D2C4E2C9B0079970B /* main.swift in Sources */ = {isa = PBXBuildFile; fileRef = CEA7E28C2C4E2C9B0079970B /* main.swift */; };
		FA62EBD52C51263E00B19280 /* Extensions.swift in Sources */ = {isa = PBXBuildFile; fileRef = FA62EBD42C51263E00B19280 /* Extensions.swift */; };
		FA74955E2C4E747200514167 /* Flugzeug.swift in Sources */ = {isa = PBXBuildFile; fileRef = FA74955D2C4E747200514167 /* Flugzeug.swift */; };
		FA7495602C4E93EF00514167 /* Passagier.swift in Sources */ = {isa = PBXBuildFile; fileRef = FA74955F2C4E93EF00514167 /* Passagier.swift */; };
		FAF2E8E12C4FE09C0058BDB6 /* Flughafen.swift in Sources */ = {isa = PBXBuildFile; fileRef = FAF2E8E02C4FE09C0058BDB6 /* Flughafen.swift */; };
/* End PBXBuildFile section */

/* Begin PBXCopyFilesBuildPhase section */
		CEA7E2872C4E2C9B0079970B /* CopyFiles */ = {
			isa = PBXCopyFilesBuildPhase;
			buildActionMask = 2147483647;
			dstPath = /usr/share/man/man1/;
			dstSubfolderSpec = 0;
			files = (
			);
			runOnlyForDeploymentPostprocessing = 1;
		};
/* End PBXCopyFilesBuildPhase section */

/* Begin PBXFileReference section */
		CEA7E2892C4E2C9B0079970B /* 02-05 Airport Manager */ = {isa = PBXFileReference; explicitFileType = "compiled.mach-o.executable"; includeInIndex = 0; path = "02-05 Airport Manager"; sourceTree = BUILT_PRODUCTS_DIR; };
		CEA7E28C2C4E2C9B0079970B /* main.swift */ = {isa = PBXFileReference; lastKnownFileType = sourcecode.swift; path = main.swift; sourceTree = "<group>"; };
		FA62EBD42C51263E00B19280 /* Extensions.swift */ = {isa = PBXFileReference; lastKnownFileType = sourcecode.swift; path = Extensions.swift; sourceTree = "<group>"; };
		FA74955D2C4E747200514167 /* Flugzeug.swift */ = {isa = PBXFileReference; lastKnownFileType = sourcecode.swift; path = Flugzeug.swift; sourceTree = "<group>"; };
		FA74955F2C4E93EF00514167 /* Passagier.swift */ = {isa = PBXFileReference; lastKnownFileType = sourcecode.swift; path = Passagier.swift; sourceTree = "<group>"; };
		FAF2E8E02C4FE09C0058BDB6 /* Flughafen.swift */ = {isa = PBXFileReference; lastKnownFileType = sourcecode.swift; path = Flughafen.swift; sourceTree = "<group>"; };
/* End PBXFileReference section */

/* Begin PBXFrameworksBuildPhase section */
		CEA7E2862C4E2C9B0079970B /* Frameworks */ = {
			isa = PBXFrameworksBuildPhase;
			buildActionMask = 2147483647;
			files = (
			);
			runOnlyForDeploymentPostprocessing = 0;
		};
/* End PBXFrameworksBuildPhase section */

/* Begin PBXGroup section */
		CEA7E2802C4E2C9B0079970B = {
			isa = PBXGroup;
			children = (
				CEA7E28B2C4E2C9B0079970B /* 02-05 Airport Manager */,
				CEA7E28A2C4E2C9B0079970B /* Products */,
			);
			sourceTree = "<group>";
		};
		CEA7E28A2C4E2C9B0079970B /* Products */ = {
			isa = PBXGroup;
			children = (
				CEA7E2892C4E2C9B0079970B /* 02-05 Airport Manager */,
			);
			name = Products;
			sourceTree = "<group>";
		};
		CEA7E28B2C4E2C9B0079970B /* 02-05 Airport Manager */ = {
			isa = PBXGroup;
			children = (
				CEA7E28C2C4E2C9B0079970B /* main.swift */,
				FA62EBD42C51263E00B19280 /* Extensions.swift */,
				FA74955D2C4E747200514167 /* Flugzeug.swift */,
				FAF2E8E02C4FE09C0058BDB6 /* Flughafen.swift */,
				FA74955F2C4E93EF00514167 /* Passagier.swift */,
			);
			path = "02-05 Airport Manager";
			sourceTree = "<group>";
		};
/* End PBXGroup section */

/* Begin PBXNativeTarget section */
		CEA7E2882C4E2C9B0079970B /* 02-05 Airport Manager */ = {
			isa = PBXNativeTarget;
			buildConfigurationList = CEA7E2902C4E2C9B0079970B /* Build configuration list for PBXNativeTarget "02-05 Airport Manager" */;
			buildPhases = (
				CEA7E2852C4E2C9B0079970B /* Sources */,
				CEA7E2862C4E2C9B0079970B /* Frameworks */,
				CEA7E2872C4E2C9B0079970B /* CopyFiles */,
			);
			buildRules = (
			);
			dependencies = (
			);
			name = "02-05 Airport Manager";
			productName = "02-05 Airport Manager";
			productReference = CEA7E2892C4E2C9B0079970B /* 02-05 Airport Manager */;
			productType = "com.apple.product-type.tool";
		};
/* End PBXNativeTarget section */

/* Begin PBXProject section */
		CEA7E2812C4E2C9B0079970B /* Project object */ = {
			isa = PBXProject;
			attributes = {
				BuildIndependentTargetsInParallel = 1;
				LastSwiftUpdateCheck = 1540;
				LastUpgradeCheck = 1540;
				TargetAttributes = {
					CEA7E2882C4E2C9B0079970B = {
						CreatedOnToolsVersion = 15.4;
					};
				};
			};
			buildConfigurationList = CEA7E2842C4E2C9B0079970B /* Build configuration list for PBXProject "02-05 Airport Manager" */;
			compatibilityVersion = "Xcode 14.0";
			developmentRegion = en;
			hasScannedForEncodings = 0;
			knownRegions = (
				en,
				Base,
			);
			mainGroup = CEA7E2802C4E2C9B0079970B;
			productRefGroup = CEA7E28A2C4E2C9B0079970B /* Products */;
			projectDirPath = "";
			projectRoot = "";
			targets = (
				CEA7E2882C4E2C9B0079970B /* 02-05 Airport Manager */,
			);
		};
/* End PBXProject section */

/* Begin PBXSourcesBuildPhase section */
		CEA7E2852C4E2C9B0079970B /* Sources */ = {
			isa = PBXSourcesBuildPhase;
			buildActionMask = 2147483647;
			files = (
				FA62EBD52C51263E00B19280 /* Extensions.swift in Sources */,
				FA74955E2C4E747200514167 /* Flugzeug.swift in Sources */,
				FA7495602C4E93EF00514167 /* Passagier.swift in Sources */,
				FAF2E8E12C4FE09C0058BDB6 /* Flughafen.swift in Sources */,
				CEA7E28D2C4E2C9B0079970B /* main.swift in Sources */,
			);
			runOnlyForDeploymentPostprocessing = 0;
		};
/* End PBXSourcesBuildPhase section */

/* Begin XCBuildConfiguration section */
		CEA7E28E2C4E2C9B0079970B /* Debug */ = {
			isa = XCBuildConfiguration;
			buildSettings = {
				ALWAYS_SEARCH_USER_PATHS = NO;
				ASSETCATALOG_COMPILER_GENERATE_SWIFT_ASSET_SYMBOL_EXTENSIONS = YES;
				CLANG_ANALYZER_NONNULL = YES;
				CLANG_ANALYZER_NUMBER_OBJECT_CONVERSION = YES_AGGRESSIVE;
				CLANG_CXX_LANGUAGE_STANDARD = "gnu++20";
				CLANG_ENABLE_MODULES = YES;
				CLANG_ENABLE_OBJC_ARC = YES;
				CLANG_ENABLE_OBJC_WEAK = YES;
				CLANG_WARN_BLOCK_CAPTURE_AUTORELEASING = YES;
				CLANG_WARN_BOOL_CONVERSION = YES;
				CLANG_WARN_COMMA = YES;
				CLANG_WARN_CONSTANT_CONVERSION = YES;
				CLANG_WARN_DEPRECATED_OBJC_IMPLEMENTATIONS = YES;
				CLANG_WARN_DIRECT_OBJC_ISA_USAGE = YES_ERROR;
				CLANG_WARN_DOCUMENTATION_COMMENTS = YES;
				CLANG_WARN_EMPTY_BODY = YES;
				CLANG_WARN_ENUM_CONVERSION = YES;
				CLANG_WARN_INFINITE_RECURSION = YES;
				CLANG_WARN_INT_CONVERSION = YES;
				CLANG_WARN_NON_LITERAL_NULL_CONVERSION = YES;
				CLANG_WARN_OBJC_IMPLICIT_RETAIN_SELF = YES;
				CLANG_WARN_OBJC_LITERAL_CONVERSION = YES;
				CLANG_WARN_OBJC_ROOT_CLASS = YES_ERROR;
				CLANG_WARN_QUOTED_INCLUDE_IN_FRAMEWORK_HEADER = YES;
				CLANG_WARN_RANGE_LOOP_ANALYSIS = YES;
				CLANG_WARN_STRICT_PROTOTYPES = YES;
				CLANG_WARN_SUSPICIOUS_MOVE = YES;
				CLANG_WARN_UNGUARDED_AVAILABILITY = YES_AGGRESSIVE;
				CLANG_WARN_UNREACHABLE_CODE = YES;
				CLANG_WARN__DUPLICATE_METHOD_MATCH = YES;
				COPY_PHASE_STRIP = NO;
				DEBUG_INFORMATION_FORMAT = dwarf;
				ENABLE_STRICT_OBJC_MSGSEND = YES;
				ENABLE_TESTABILITY = YES;
				ENABLE_USER_SCRIPT_SANDBOXING = YES;
				GCC_C_LANGUAGE_STANDARD = gnu17;
				GCC_DYNAMIC_NO_PIC = NO;
				GCC_NO_COMMON_BLOCKS = YES;
				GCC_OPTIMIZATION_LEVEL = 0;
				GCC_PREPROCESSOR_DEFINITIONS = (
					"DEBUG=1",
					"$(inherited)",
				);
				GCC_WARN_64_TO_32_BIT_CONVERSION = YES;
				GCC_WARN_ABOUT_RETURN_TYPE = YES_ERROR;
				GCC_WARN_UNDECLARED_SELECTOR = YES;
				GCC_WARN_UNINITIALIZED_AUTOS = YES_AGGRESSIVE;
				GCC_WARN_UNUSED_FUNCTION = YES;
				GCC_WARN_UNUSED_VARIABLE = YES;
				LOCALIZATION_PREFERS_STRING_CATALOGS = YES;
				MACOSX_DEPLOYMENT_TARGET = 14.5;
				MTL_ENABLE_DEBUG_INFO = INCLUDE_SOURCE;
				MTL_FAST_MATH = YES;
				ONLY_ACTIVE_ARCH = YES;
				SDKROOT = macosx;
				SWIFT_ACTIVE_COMPILATION_CONDITIONS = "DEBUG $(inherited)";
				SWIFT_OPTIMIZATION_LEVEL = "-Onone";
			};
			name = Debug;
		};
		CEA7E28F2C4E2C9B0079970B /* Release */ = {
			isa = XCBuildConfiguration;
			buildSettings = {
				ALWAYS_SEARCH_USER_PATHS = NO;
				ASSETCATALOG_COMPILER_GENERATE_SWIFT_ASSET_SYMBOL_EXTENSIONS = YES;
				CLANG_ANALYZER_NONNULL = YES;
				CLANG_ANALYZER_NUMBER_OBJECT_CONVERSION = YES_AGGRESSIVE;
				CLANG_CXX_LANGUAGE_STANDARD = "gnu++20";
				CLANG_ENABLE_MODULES = YES;
				CLANG_ENABLE_OBJC_ARC = YES;
				CLANG_ENABLE_OBJC_WEAK = YES;
				CLANG_WARN_BLOCK_CAPTURE_AUTORELEASING = YES;
				CLANG_WARN_BOOL_CONVERSION = YES;
				CLANG_WARN_COMMA = YES;
				CLANG_WARN_CONSTANT_CONVERSION = YES;
				CLANG_WARN_DEPRECATED_OBJC_IMPLEMENTATIONS = YES;
				CLANG_WARN_DIRECT_OBJC_ISA_USAGE = YES_ERROR;
				CLANG_WARN_DOCUMENTATION_COMMENTS = YES;
				CLANG_WARN_EMPTY_BODY = YES;
				CLANG_WARN_ENUM_CONVERSION = YES;
				CLANG_WARN_INFINITE_RECURSION = YES;
				CLANG_WARN_INT_CONVERSION = YES;
				CLANG_WARN_NON_LITERAL_NULL_CONVERSION = YES;
				CLANG_WARN_OBJC_IMPLICIT_RETAIN_SELF = YES;
				CLANG_WARN_OBJC_LITERAL_CONVERSION = YES;
				CLANG_WARN_OBJC_ROOT_CLASS = YES_ERROR;
				CLANG_WARN_QUOTED_INCLUDE_IN_FRAMEWORK_HEADER = YES;
				CLANG_WARN_RANGE_LOOP_ANALYSIS = YES;
				CLANG_WARN_STRICT_PROTOTYPES = YES;
				CLANG_WARN_SUSPICIOUS_MOVE = YES;
				CLANG_WARN_UNGUARDED_AVAILABILITY = YES_AGGRESSIVE;
				CLANG_WARN_UNREACHABLE_CODE = YES;
				CLANG_WARN__DUPLICATE_METHOD_MATCH = YES;
				COPY_PHASE_STRIP = NO;
				DEBUG_INFORMATION_FORMAT = "dwarf-with-dsym";
				ENABLE_NS_ASSERTIONS = NO;
				ENABLE_STRICT_OBJC_MSGSEND = YES;
				ENABLE_USER_SCRIPT_SANDBOXING = YES;
				GCC_C_LANGUAGE_STANDARD = gnu17;
				GCC_NO_COMMON_BLOCKS = YES;
				GCC_WARN_64_TO_32_BIT_CONVERSION = YES;
				GCC_WARN_ABOUT_RETURN_TYPE = YES_ERROR;
				GCC_WARN_UNDECLARED_SELECTOR = YES;
				GCC_WARN_UNINITIALIZED_AUTOS = YES_AGGRESSIVE;
				GCC_WARN_UNUSED_FUNCTION = YES;
				GCC_WARN_UNUSED_VARIABLE = YES;
				LOCALIZATION_PREFERS_STRING_CATALOGS = YES;
				MACOSX_DEPLOYMENT_TARGET = 14.5;
				MTL_ENABLE_DEBUG_INFO = NO;
				MTL_FAST_MATH = YES;
				SDKROOT = macosx;
				SWIFT_COMPILATION_MODE = wholemodule;
			};
			name = Release;
		};
		CEA7E2912C4E2C9B0079970B /* Debug */ = {
			isa = XCBuildConfiguration;
			buildSettings = {
				CODE_SIGN_STYLE = Automatic;
				PRODUCT_NAME = "$(TARGET_NAME)";
				SWIFT_VERSION = 5.0;
			};
			name = Debug;
		};
		CEA7E2922C4E2C9B0079970B /* Release */ = {
			isa = XCBuildConfiguration;
			buildSettings = {
				CODE_SIGN_STYLE = Automatic;
				PRODUCT_NAME = "$(TARGET_NAME)";
				SWIFT_VERSION = 5.0;
			};
			name = Release;
		};
/* End XCBuildConfiguration section */

/* Begin XCConfigurationList section */
		CEA7E2842C4E2C9B0079970B /* Build configuration list for PBXProject "02-05 Airport Manager" */ = {
			isa = XCConfigurationList;
			buildConfigurations = (
				CEA7E28E2C4E2C9B0079970B /* Debug */,
				CEA7E28F2C4E2C9B0079970B /* Release */,
			);
			defaultConfigurationIsVisible = 0;
			defaultConfigurationName = Release;
		};
		CEA7E2902C4E2C9B0079970B /* Build configuration list for PBXNativeTarget "02-05 Airport Manager" */ = {
			isa = XCConfigurationList;
			buildConfigurations = (
				CEA7E2912C4E2C9B0079970B /* Debug */,
				CEA7E2922C4E2C9B0079970B /* Release */,
			);
			defaultConfigurationIsVisible = 0;
			defaultConfigurationName = Release;
		};
/* End XCConfigurationList section */
	};
	rootObject = CEA7E2812C4E2C9B0079970B /* Project object */;
}
